
Microsoft Visual Studio Solution File, Format Version 12.00
# Visual Studio Version 17
VisualStudioVersion = 17.2.32802.462
MinimumVisualStudioVersion = 10.0.40219.1
Project("{FAE04EC0-301F-11D3-BF4B-00C04F79EFBC}") = "ZH3_WKIUQF", "ZH3_WKIUQF\ZH3_WKIUQF.csproj", "{B2D241CE-A1B3-4A67-AA7E-2767829CD352}"
EndProject
Project("{FAE04EC0-301F-11D3-BF4B-00C04F79EFBC}") = "ZH3_WKIUQF_2", "ZH3_WKIUQF_2\ZH3_WKIUQF_2.csproj", "{B13F2E95-88F6-4ED4-99B5-198C31DC556F}"
EndProject
Global
	GlobalSection(SolutionConfigurationPlatforms) = preSolution
		Debug|Any CPU = Debug|Any CPU
		Release|Any CPU = Release|Any CPU
	EndGlobalSection
	GlobalSection(ProjectConfigurationPlatforms) = postSolution
		{B2D241CE-A1B3-4A67-AA7E-2767829CD352}.Debug|Any CPU.ActiveCfg = Debug|Any CPU
		{B2D241CE-A1B3-4A67-AA7E-2767829CD352}.Debug|Any CPU.Build.0 = Debug|Any CPU
		{B2D241CE-A1B3-4A67-AA7E-2767829CD352}.Release|Any CPU.ActiveCfg = Release|Any CPU
		{B2D241CE-A1B3-4A67-AA7E-2767829CD352}.Release|Any CPU.Build.0 = Release|Any CPU
		{B13F2E95-88F6-4ED4-99B5-198C31DC556F}.Debug|Any CPU.ActiveCfg = Debug|Any CPU
		{B13F2E95-88F6-4ED4-99B5-198C31DC556F}.Debug|Any CPU.Build.0 = Debug|Any CPU
		{B13F2E95-88F6-4ED4-99B5-198C31DC556F}.Release|Any CPU.ActiveCfg = Release|Any CPU
		{B13F2E95-88F6-4ED4-99B5-198C31DC556F}.Release|Any CPU.Build.0 = Release|Any CPU
	EndGlobalSection
	GlobalSection(SolutionProperties) = preSolution
		HideSolutionNode = FALSE
	EndGlobalSection
	GlobalSection(ExtensibilityGlobals) = postSolution
		SolutionGuid = {CE3AC72F-C77E-4865-BE57-DC3BA2C4D29B}
	EndGlobalSection
EndGlobal
